
Microsoft Visual Studio Solution File, Format Version 12.00
# Visual Studio Version 17
VisualStudioVersion = 17.5.33627.172
MinimumVisualStudioVersion = 10.0.40219.1
Project("{FAE04EC0-301F-11D3-BF4B-00C04F79EFBC}") = "SimpleSocketChatBot", "SimpleSocketChatBot\SimpleSocketChatBot.csproj", "{9E12F8F1-54B6-4E96-B7C8-18F1236BB9DF}"
EndProject
Global
	GlobalSection(SolutionConfigurationPlatforms) = preSolution
		Debug|Any CPU = Debug|Any CPU
		Release|Any CPU = Release|Any CPU
	EndGlobalSection
	GlobalSection(ProjectConfigurationPlatforms) = postSolution
		{9E12F8F1-54B6-4E96-B7C8-18F1236BB9DF}.Debug|Any CPU.ActiveCfg = Debug|Any CPU
		{9E12F8F1-54B6-4E96-B7C8-18F1236BB9DF}.Debug|Any CPU.Build.0 = Debug|Any CPU
		{9E12F8F1-54B6-4E96-B7C8-18F1236BB9DF}.Release|Any CPU.ActiveCfg = Release|Any CPU
		{9E12F8F1-54B6-4E96-B7C8-18F1236BB9DF}.Release|Any CPU.Build.0 = Release|Any CPU
	EndGlobalSection
	GlobalSection(SolutionProperties) = preSolution
		HideSolutionNode = FALSE
	EndGlobalSection
	GlobalSection(ExtensibilityGlobals) = postSolution
		SolutionGuid = {488A22FE-CD38-45A3-8CA9-5E8EC2024330}
	EndGlobalSection
EndGlobal
